// !$*UTF8*$!
{
	archiveVersion = 1;
	classes = {
	};
	objectVersion = 56;
	objects = {

/* Begin PBXBuildFile section */
		404BA7532B7C586C00238FC9 /* UserProfileViewController.swift in Sources */ = {isa = PBXBuildFile; fileRef = 404BA7522B7C586C00238FC9 /* UserProfileViewController.swift */; };
		409F3F122B3C51DA00427354 /* SelectedCharacterViewController.swift in Sources */ = {isa = PBXBuildFile; fileRef = 409F3F112B3C51DA00427354 /* SelectedCharacterViewController.swift */; };
		40A0B27C2BF9C1FC00D49D9B /* SuperImageClassifier.mlmodel in Sources */ = {isa = PBXBuildFile; fileRef = 40A0B27B2BF9C1FB00D49D9B /* SuperImageClassifier.mlmodel */; };
		40A0B27E2BFA2A2700D49D9B /* SuperImageScanner.swift in Sources */ = {isa = PBXBuildFile; fileRef = 40A0B27D2BFA2A2700D49D9B /* SuperImageScanner.swift */; };
		40A120F02B30758600D93F9B /* CharacterSelectViewCell.swift in Sources */ = {isa = PBXBuildFile; fileRef = 40A120EF2B30758600D93F9B /* CharacterSelectViewCell.swift */; };
		40A1A1C82B6EF93400DDF311 /* ComixBinVC.swift in Sources */ = {isa = PBXBuildFile; fileRef = 40A1A1C72B6EF93400DDF311 /* ComixBinVC.swift */; };
		40A1A1CA2B6EFA7C00DDF311 /* Issue.swift in Sources */ = {isa = PBXBuildFile; fileRef = 40A1A1C92B6EFA7C00DDF311 /* Issue.swift */; };
		40A1A1CC2B6EFB8500DDF311 /* Title.swift in Sources */ = {isa = PBXBuildFile; fileRef = 40A1A1CB2B6EFB8500DDF311 /* Title.swift */; };
		40A1A1D22B7255CC00DDF311 /* SelectedPublisherTitlesViewController.swift in Sources */ = {isa = PBXBuildFile; fileRef = 40A1A1D12B7255CC00DDF311 /* SelectedPublisherTitlesViewController.swift */; };
		40A2F4F12BAB156B000F5F14 /* IssueSelectViewCell.swift in Sources */ = {isa = PBXBuildFile; fileRef = 40A2F4F02BAB156B000F5F14 /* IssueSelectViewCell.swift */; };
		40A2F4F32BC45A4F000F5F14 /* PopUpWindowSingleButtonView.swift in Sources */ = {isa = PBXBuildFile; fileRef = 40A2F4F22BC45A4E000F5F14 /* PopUpWindowSingleButtonView.swift */; };
		40A6E5532C303A8E008340B5 /* UIViewController+Ext.swift in Sources */ = {isa = PBXBuildFile; fileRef = 40A6E5522C303A8E008340B5 /* UIViewController+Ext.swift */; };
		40A6E5582C30B0A8008340B5 /* Constants+Utils.swift in Sources */ = {isa = PBXBuildFile; fileRef = 40A6E5572C30B0A8008340B5 /* Constants+Utils.swift */; };
		40A6E55A2C30B572008340B5 /* COError+Utils.swift in Sources */ = {isa = PBXBuildFile; fileRef = 40A6E5592C30B572008340B5 /* COError+Utils.swift */; };
		40A83A932AFA5F5B009F80D3 /* AppDelegate.swift in Sources */ = {isa = PBXBuildFile; fileRef = 40A83A922AFA5F5B009F80D3 /* AppDelegate.swift */; };
		40A83A952AFA5F5B009F80D3 /* SceneDelegate.swift in Sources */ = {isa = PBXBuildFile; fileRef = 40A83A942AFA5F5B009F80D3 /* SceneDelegate.swift */; };
		40A83A972AFA5F5B009F80D3 /* AllPublishersViewController.swift in Sources */ = {isa = PBXBuildFile; fileRef = 40A83A962AFA5F5B009F80D3 /* AllPublishersViewController.swift */; };
		40A83A9D2AFA5F5B009F80D3 /* Comix_Organizer_Mk_2.xcdatamodeld in Sources */ = {isa = PBXBuildFile; fileRef = 40A83A9B2AFA5F5B009F80D3 /* Comix_Organizer_Mk_2.xcdatamodeld */; };
		40A83A9F2AFA5F5E009F80D3 /* Assets.xcassets in Resources */ = {isa = PBXBuildFile; fileRef = 40A83A9E2AFA5F5E009F80D3 /* Assets.xcassets */; };
		40A83AA22AFA5F5E009F80D3 /* LaunchScreen.storyboard in Resources */ = {isa = PBXBuildFile; fileRef = 40A83AA02AFA5F5E009F80D3 /* LaunchScreen.storyboard */; };
		40A83AAD2AFA5F5E009F80D3 /* Comix_Organizer_Mk_2Tests.swift in Sources */ = {isa = PBXBuildFile; fileRef = 40A83AAC2AFA5F5E009F80D3 /* Comix_Organizer_Mk_2Tests.swift */; };
		40A83AB72AFA5F5E009F80D3 /* Comix_Organizer_Mk_2UITests.swift in Sources */ = {isa = PBXBuildFile; fileRef = 40A83AB62AFA5F5E009F80D3 /* Comix_Organizer_Mk_2UITests.swift */; };
		40A83AB92AFA5F5E009F80D3 /* Comix_Organizer_Mk_2UITestsLaunchTests.swift in Sources */ = {isa = PBXBuildFile; fileRef = 40A83AB82AFA5F5E009F80D3 /* Comix_Organizer_Mk_2UITestsLaunchTests.swift */; };
		40A83ACA2AFA617A009F80D3 /* APICaller.swift in Sources */ = {isa = PBXBuildFile; fileRef = 40A83AC92AFA617A009F80D3 /* APICaller.swift */; };
		40A83ACC2AFA6187009F80D3 /* Publisher.swift in Sources */ = {isa = PBXBuildFile; fileRef = 40A83ACB2AFA6187009F80D3 /* Publisher.swift */; };
		40A83AD12AFBB09E009F80D3 /* MainTabBarController.swift in Sources */ = {isa = PBXBuildFile; fileRef = 40A83AD02AFBB09E009F80D3 /* MainTabBarController.swift */; };
		40A83AD52AFBBD89009F80D3 /* SelectedPublisherCharactersViewController.swift in Sources */ = {isa = PBXBuildFile; fileRef = 40A83AD42AFBBD89009F80D3 /* SelectedPublisherCharactersViewController.swift */; };
		40A83AD72AFD09D0009F80D3 /* DataPersistenceManager.swift in Sources */ = {isa = PBXBuildFile; fileRef = 40A83AD62AFD09D0009F80D3 /* DataPersistenceManager.swift */; };
		40A94C152B7A5ABE007BA436 /* TitleCharacterSearchViewController.swift in Sources */ = {isa = PBXBuildFile; fileRef = 40A94C142B7A5ABE007BA436 /* TitleCharacterSearchViewController.swift */; };
		40AD02712C2F355B000C53A2 /* StartVC.swift in Sources */ = {isa = PBXBuildFile; fileRef = 40AD02702C2F355B000C53A2 /* StartVC.swift */; };
		40B28E742B839D6A00951AEF /* PopUpWindowView.swift in Sources */ = {isa = PBXBuildFile; fileRef = 40B28E732B839D6A00951AEF /* PopUpWindowView.swift */; };
		40B6D3CE2B97496400E1C309 /* LoadAnimationWindowView.swift in Sources */ = {isa = PBXBuildFile; fileRef = 40B6D3CD2B97496400E1C309 /* LoadAnimationWindowView.swift */; };
		40C7F4312BA4EB9D001AD5B9 /* SelectedTitleIssuesViewController.swift in Sources */ = {isa = PBXBuildFile; fileRef = 40C7F4302BA4EB9D001AD5B9 /* SelectedTitleIssuesViewController.swift */; };
		40D7D3032B331F1E00B040CE /* Character.swift in Sources */ = {isa = PBXBuildFile; fileRef = 40D7D3022B331F1E00B040CE /* Character.swift */; };
/* End PBXBuildFile section */

/* Begin PBXContainerItemProxy section */
		40A83AA92AFA5F5E009F80D3 /* PBXContainerItemProxy */ = {
			isa = PBXContainerItemProxy;
			containerPortal = 40A83A872AFA5F5B009F80D3 /* Project object */;
			proxyType = 1;
			remoteGlobalIDString = 40A83A8E2AFA5F5B009F80D3;
			remoteInfo = "Comix Organizer Mk 2";
		};
		40A83AB32AFA5F5E009F80D3 /* PBXContainerItemProxy */ = {
			isa = PBXContainerItemProxy;
			containerPortal = 40A83A872AFA5F5B009F80D3 /* Project object */;
			proxyType = 1;
			remoteGlobalIDString = 40A83A8E2AFA5F5B009F80D3;
			remoteInfo = "Comix Organizer Mk 2";
		};
/* End PBXContainerItemProxy section */

/* Begin PBXFileReference section */
		404BA7522B7C586C00238FC9 /* UserProfileViewController.swift */ = {isa = PBXFileReference; lastKnownFileType = sourcecode.swift; path = UserProfileViewController.swift; sourceTree = "<group>"; };
		409F3F112B3C51DA00427354 /* SelectedCharacterViewController.swift */ = {isa = PBXFileReference; lastKnownFileType = sourcecode.swift; path = SelectedCharacterViewController.swift; sourceTree = "<group>"; };
		40A0B27B2BF9C1FB00D49D9B /* SuperImageClassifier.mlmodel */ = {isa = PBXFileReference; lastKnownFileType = file.mlmodel; path = SuperImageClassifier.mlmodel; sourceTree = "<group>"; };
		40A0B27D2BFA2A2700D49D9B /* SuperImageScanner.swift */ = {isa = PBXFileReference; lastKnownFileType = sourcecode.swift; path = SuperImageScanner.swift; sourceTree = "<group>"; };
		40A120EF2B30758600D93F9B /* CharacterSelectViewCell.swift */ = {isa = PBXFileReference; lastKnownFileType = sourcecode.swift; path = CharacterSelectViewCell.swift; sourceTree = "<group>"; };
		40A1A1C72B6EF93400DDF311 /* ComixBinVC.swift */ = {isa = PBXFileReference; lastKnownFileType = sourcecode.swift; path = ComixBinVC.swift; sourceTree = "<group>"; };
		40A1A1C92B6EFA7C00DDF311 /* Issue.swift */ = {isa = PBXFileReference; lastKnownFileType = sourcecode.swift; path = Issue.swift; sourceTree = "<group>"; };
		40A1A1CB2B6EFB8500DDF311 /* Title.swift */ = {isa = PBXFileReference; lastKnownFileType = sourcecode.swift; path = Title.swift; sourceTree = "<group>"; };
		40A1A1D12B7255CC00DDF311 /* SelectedPublisherTitlesViewController.swift */ = {isa = PBXFileReference; lastKnownFileType = sourcecode.swift; path = SelectedPublisherTitlesViewController.swift; sourceTree = "<group>"; };
		40A2F4F02BAB156B000F5F14 /* IssueSelectViewCell.swift */ = {isa = PBXFileReference; lastKnownFileType = sourcecode.swift; path = IssueSelectViewCell.swift; sourceTree = "<group>"; };
		40A2F4F22BC45A4E000F5F14 /* PopUpWindowSingleButtonView.swift */ = {isa = PBXFileReference; lastKnownFileType = sourcecode.swift; path = PopUpWindowSingleButtonView.swift; sourceTree = "<group>"; };
		40A6E5522C303A8E008340B5 /* UIViewController+Ext.swift */ = {isa = PBXFileReference; lastKnownFileType = sourcecode.swift; path = "UIViewController+Ext.swift"; sourceTree = "<group>"; };
		40A6E5572C30B0A8008340B5 /* Constants+Utils.swift */ = {isa = PBXFileReference; lastKnownFileType = sourcecode.swift; path = "Constants+Utils.swift"; sourceTree = "<group>"; };
		40A6E5592C30B572008340B5 /* COError+Utils.swift */ = {isa = PBXFileReference; lastKnownFileType = sourcecode.swift; path = "COError+Utils.swift"; sourceTree = "<group>"; };
		40A83A8F2AFA5F5B009F80D3 /* Comix Organizer Mk 2.app */ = {isa = PBXFileReference; explicitFileType = wrapper.application; includeInIndex = 0; path = "Comix Organizer Mk 2.app"; sourceTree = BUILT_PRODUCTS_DIR; };
		40A83A922AFA5F5B009F80D3 /* AppDelegate.swift */ = {isa = PBXFileReference; lastKnownFileType = sourcecode.swift; path = AppDelegate.swift; sourceTree = "<group>"; };
		40A83A942AFA5F5B009F80D3 /* SceneDelegate.swift */ = {isa = PBXFileReference; lastKnownFileType = sourcecode.swift; path = SceneDelegate.swift; sourceTree = "<group>"; };
		40A83A962AFA5F5B009F80D3 /* AllPublishersViewController.swift */ = {isa = PBXFileReference; lastKnownFileType = sourcecode.swift; path = AllPublishersViewController.swift; sourceTree = "<group>"; };
		40A83A9C2AFA5F5B009F80D3 /* Comix_Organizer_Mk_2.xcdatamodel */ = {isa = PBXFileReference; lastKnownFileType = wrapper.xcdatamodel; path = Comix_Organizer_Mk_2.xcdatamodel; sourceTree = "<group>"; };
		40A83A9E2AFA5F5E009F80D3 /* Assets.xcassets */ = {isa = PBXFileReference; lastKnownFileType = folder.assetcatalog; path = Assets.xcassets; sourceTree = "<group>"; };
		40A83AA12AFA5F5E009F80D3 /* Base */ = {isa = PBXFileReference; lastKnownFileType = file.storyboard; name = Base; path = Base.lproj/LaunchScreen.storyboard; sourceTree = "<group>"; };
		40A83AA32AFA5F5E009F80D3 /* Info.plist */ = {isa = PBXFileReference; lastKnownFileType = text.plist.xml; path = Info.plist; sourceTree = "<group>"; };
		40A83AA82AFA5F5E009F80D3 /* Comix Organizer Mk 2Tests.xctest */ = {isa = PBXFileReference; explicitFileType = wrapper.cfbundle; includeInIndex = 0; path = "Comix Organizer Mk 2Tests.xctest"; sourceTree = BUILT_PRODUCTS_DIR; };
		40A83AAC2AFA5F5E009F80D3 /* Comix_Organizer_Mk_2Tests.swift */ = {isa = PBXFileReference; lastKnownFileType = sourcecode.swift; path = Comix_Organizer_Mk_2Tests.swift; sourceTree = "<group>"; };
		40A83AB22AFA5F5E009F80D3 /* Comix Organizer Mk 2UITests.xctest */ = {isa = PBXFileReference; explicitFileType = wrapper.cfbundle; includeInIndex = 0; path = "Comix Organizer Mk 2UITests.xctest"; sourceTree = BUILT_PRODUCTS_DIR; };
		40A83AB62AFA5F5E009F80D3 /* Comix_Organizer_Mk_2UITests.swift */ = {isa = PBXFileReference; lastKnownFileType = sourcecode.swift; path = Comix_Organizer_Mk_2UITests.swift; sourceTree = "<group>"; };
		40A83AB82AFA5F5E009F80D3 /* Comix_Organizer_Mk_2UITestsLaunchTests.swift */ = {isa = PBXFileReference; lastKnownFileType = sourcecode.swift; path = Comix_Organizer_Mk_2UITestsLaunchTests.swift; sourceTree = "<group>"; };
		40A83AC92AFA617A009F80D3 /* APICaller.swift */ = {isa = PBXFileReference; lastKnownFileType = sourcecode.swift; path = APICaller.swift; sourceTree = "<group>"; };
		40A83ACB2AFA6187009F80D3 /* Publisher.swift */ = {isa = PBXFileReference; lastKnownFileType = sourcecode.swift; path = Publisher.swift; sourceTree = "<group>"; };
		40A83AD02AFBB09E009F80D3 /* MainTabBarController.swift */ = {isa = PBXFileReference; lastKnownFileType = sourcecode.swift; path = MainTabBarController.swift; sourceTree = "<group>"; };
		40A83AD42AFBBD89009F80D3 /* SelectedPublisherCharactersViewController.swift */ = {isa = PBXFileReference; lastKnownFileType = sourcecode.swift; path = SelectedPublisherCharactersViewController.swift; sourceTree = "<group>"; };
		40A83AD62AFD09D0009F80D3 /* DataPersistenceManager.swift */ = {isa = PBXFileReference; lastKnownFileType = sourcecode.swift; path = DataPersistenceManager.swift; sourceTree = "<group>"; };
		40A94C142B7A5ABE007BA436 /* TitleCharacterSearchViewController.swift */ = {isa = PBXFileReference; lastKnownFileType = sourcecode.swift; path = TitleCharacterSearchViewController.swift; sourceTree = "<group>"; };
		40AD02702C2F355B000C53A2 /* StartVC.swift */ = {isa = PBXFileReference; lastKnownFileType = sourcecode.swift; path = StartVC.swift; sourceTree = "<group>"; };
		40B28E732B839D6A00951AEF /* PopUpWindowView.swift */ = {isa = PBXFileReference; lastKnownFileType = sourcecode.swift; path = PopUpWindowView.swift; sourceTree = "<group>"; };
		40B6D3CD2B97496400E1C309 /* LoadAnimationWindowView.swift */ = {isa = PBXFileReference; lastKnownFileType = sourcecode.swift; path = LoadAnimationWindowView.swift; sourceTree = "<group>"; };
		40C7F4302BA4EB9D001AD5B9 /* SelectedTitleIssuesViewController.swift */ = {isa = PBXFileReference; lastKnownFileType = sourcecode.swift; path = SelectedTitleIssuesViewController.swift; sourceTree = "<group>"; };
		40D7D3022B331F1E00B040CE /* Character.swift */ = {isa = PBXFileReference; lastKnownFileType = sourcecode.swift; path = Character.swift; sourceTree = "<group>"; };
/* End PBXFileReference section */

/* Begin PBXFrameworksBuildPhase section */
		40A83A8C2AFA5F5B009F80D3 /* Frameworks */ = {
			isa = PBXFrameworksBuildPhase;
			buildActionMask = 2147483647;
			files = (
			);
			runOnlyForDeploymentPostprocessing = 0;
		};
		40A83AA52AFA5F5E009F80D3 /* Frameworks */ = {
			isa = PBXFrameworksBuildPhase;
			buildActionMask = 2147483647;
			files = (
			);
			runOnlyForDeploymentPostprocessing = 0;
		};
		40A83AAF2AFA5F5E009F80D3 /* Frameworks */ = {
			isa = PBXFrameworksBuildPhase;
			buildActionMask = 2147483647;
			files = (
			);
			runOnlyForDeploymentPostprocessing = 0;
		};
/* End PBXFrameworksBuildPhase section */

/* Begin PBXGroup section */
		404BA7572B7C5BE600238FC9 /* Main Tabs */ = {
			isa = PBXGroup;
			children = (
				40AD02702C2F355B000C53A2 /* StartVC.swift */,
				40A83A962AFA5F5B009F80D3 /* AllPublishersViewController.swift */,
				40A1A1C72B6EF93400DDF311 /* ComixBinVC.swift */,
				40A94C142B7A5ABE007BA436 /* TitleCharacterSearchViewController.swift */,
				404BA7522B7C586C00238FC9 /* UserProfileViewController.swift */,
				40A0B27D2BFA2A2700D49D9B /* SuperImageScanner.swift */,
			);
			name = "Main Tabs";
			sourceTree = "<group>";
		};
		404BA7582B7CE58600238FC9 /* Pushed VCs */ = {
			isa = PBXGroup;
			children = (
				40A1A1D12B7255CC00DDF311 /* SelectedPublisherTitlesViewController.swift */,
				40C7F4302BA4EB9D001AD5B9 /* SelectedTitleIssuesViewController.swift */,
				40A83AD42AFBBD89009F80D3 /* SelectedPublisherCharactersViewController.swift */,
				409F3F112B3C51DA00427354 /* SelectedCharacterViewController.swift */,
			);
			name = "Pushed VCs";
			sourceTree = "<group>";
		};
		40A1A1CF2B72548000DDF311 /* Tab Bar Controllers */ = {
			isa = PBXGroup;
			children = (
				40A83AD02AFBB09E009F80D3 /* MainTabBarController.swift */,
			);
			path = "Tab Bar Controllers";
			sourceTree = "<group>";
		};
		40A1A1D02B72549A00DDF311 /* View Controllers */ = {
			isa = PBXGroup;
			children = (
				404BA7572B7C5BE600238FC9 /* Main Tabs */,
				404BA7582B7CE58600238FC9 /* Pushed VCs */,
			);
			path = "View Controllers";
			sourceTree = "<group>";
		};
		40A6E5542C303A95008340B5 /* Extensions */ = {
			isa = PBXGroup;
			children = (
				40A6E5522C303A8E008340B5 /* UIViewController+Ext.swift */,
			);
			path = Extensions;
			sourceTree = "<group>";
		};
		40A6E5562C30B07E008340B5 /* Utilities */ = {
			isa = PBXGroup;
			children = (
				40A6E5572C30B0A8008340B5 /* Constants+Utils.swift */,
				40A6E5592C30B572008340B5 /* COError+Utils.swift */,
			);
			path = Utilities;
			sourceTree = "<group>";
		};
		40A83A862AFA5F5B009F80D3 = {
			isa = PBXGroup;
			children = (
				40A83A912AFA5F5B009F80D3 /* Comix Organizer Mk 2 */,
				40A83AAB2AFA5F5E009F80D3 /* Comix Organizer Mk 2Tests */,
				40A83AB52AFA5F5E009F80D3 /* Comix Organizer Mk 2UITests */,
				40A83A902AFA5F5B009F80D3 /* Products */,
			);
			sourceTree = "<group>";
		};
		40A83A902AFA5F5B009F80D3 /* Products */ = {
			isa = PBXGroup;
			children = (
				40A83A8F2AFA5F5B009F80D3 /* Comix Organizer Mk 2.app */,
				40A83AA82AFA5F5E009F80D3 /* Comix Organizer Mk 2Tests.xctest */,
				40A83AB22AFA5F5E009F80D3 /* Comix Organizer Mk 2UITests.xctest */,
			);
			name = Products;
			sourceTree = "<group>";
		};
		40A83A912AFA5F5B009F80D3 /* Comix Organizer Mk 2 */ = {
			isa = PBXGroup;
			children = (
				40A6E5542C303A95008340B5 /* Extensions */,
				40A6E5562C30B07E008340B5 /* Utilities */,
				40A83AC82AFA616C009F80D3 /* Managers */,
				40A83AC52AFA5F7D009F80D3 /* Models */,
				40A83AC62AFA5F99009F80D3 /* Views */,
				40A83AC72AFA5FA0009F80D3 /* Controllers */,
				40A83ACF2AFA697D009F80D3 /* Supporting Files */,
				40A83AA32AFA5F5E009F80D3 /* Info.plist */,
				40A0B27B2BF9C1FB00D49D9B /* SuperImageClassifier.mlmodel */,
			);
			path = "Comix Organizer Mk 2";
			sourceTree = "<group>";
		};
		40A83AAB2AFA5F5E009F80D3 /* Comix Organizer Mk 2Tests */ = {
			isa = PBXGroup;
			children = (
				40A83AAC2AFA5F5E009F80D3 /* Comix_Organizer_Mk_2Tests.swift */,
			);
			path = "Comix Organizer Mk 2Tests";
			sourceTree = "<group>";
		};
		40A83AB52AFA5F5E009F80D3 /* Comix Organizer Mk 2UITests */ = {
			isa = PBXGroup;
			children = (
				40A83AB62AFA5F5E009F80D3 /* Comix_Organizer_Mk_2UITests.swift */,
				40A83AB82AFA5F5E009F80D3 /* Comix_Organizer_Mk_2UITestsLaunchTests.swift */,
			);
			path = "Comix Organizer Mk 2UITests";
			sourceTree = "<group>";
		};
		40A83AC52AFA5F7D009F80D3 /* Models */ = {
			isa = PBXGroup;
			children = (
				40A83ACB2AFA6187009F80D3 /* Publisher.swift */,
				40A1A1CB2B6EFB8500DDF311 /* Title.swift */,
				40A1A1C92B6EFA7C00DDF311 /* Issue.swift */,
				40D7D3022B331F1E00B040CE /* Character.swift */,
			);
			path = Models;
			sourceTree = "<group>";
		};
		40A83AC62AFA5F99009F80D3 /* Views */ = {
			isa = PBXGroup;
			children = (
				40A2F4F02BAB156B000F5F14 /* IssueSelectViewCell.swift */,
				40A120EF2B30758600D93F9B /* CharacterSelectViewCell.swift */,
				40B28E732B839D6A00951AEF /* PopUpWindowView.swift */,
				40A2F4F22BC45A4E000F5F14 /* PopUpWindowSingleButtonView.swift */,
				40B6D3CD2B97496400E1C309 /* LoadAnimationWindowView.swift */,
			);
			path = Views;
			sourceTree = "<group>";
		};
		40A83AC72AFA5FA0009F80D3 /* Controllers */ = {
			isa = PBXGroup;
			children = (
				40A1A1CF2B72548000DDF311 /* Tab Bar Controllers */,
				40A1A1D02B72549A00DDF311 /* View Controllers */,
			);
			path = Controllers;
			sourceTree = "<group>";
		};
		40A83AC82AFA616C009F80D3 /* Managers */ = {
			isa = PBXGroup;
			children = (
				40A83AC92AFA617A009F80D3 /* APICaller.swift */,
				40A83AD62AFD09D0009F80D3 /* DataPersistenceManager.swift */,
			);
			path = Managers;
			sourceTree = "<group>";
		};
		40A83ACF2AFA697D009F80D3 /* Supporting Files */ = {
			isa = PBXGroup;
			children = (
				40A83A922AFA5F5B009F80D3 /* AppDelegate.swift */,
				40A83A942AFA5F5B009F80D3 /* SceneDelegate.swift */,
				40A83A9E2AFA5F5E009F80D3 /* Assets.xcassets */,
				40A83AA02AFA5F5E009F80D3 /* LaunchScreen.storyboard */,
				40A83A9B2AFA5F5B009F80D3 /* Comix_Organizer_Mk_2.xcdatamodeld */,
			);
			path = "Supporting Files";
			sourceTree = "<group>";
		};
/* End PBXGroup section */

/* Begin PBXNativeTarget section */
		40A83A8E2AFA5F5B009F80D3 /* Comix Organizer Mk 2 */ = {
			isa = PBXNativeTarget;
			buildConfigurationList = 40A83ABC2AFA5F5E009F80D3 /* Build configuration list for PBXNativeTarget "Comix Organizer Mk 2" */;
			buildPhases = (
				40A83A8B2AFA5F5B009F80D3 /* Sources */,
				40A83A8C2AFA5F5B009F80D3 /* Frameworks */,
				40A83A8D2AFA5F5B009F80D3 /* Resources */,
			);
			buildRules = (
			);
			dependencies = (
			);
			name = "Comix Organizer Mk 2";
			productName = "Comix Organizer Mk 2";
			productReference = 40A83A8F2AFA5F5B009F80D3 /* Comix Organizer Mk 2.app */;
			productType = "com.apple.product-type.application";
		};
		40A83AA72AFA5F5E009F80D3 /* Comix Organizer Mk 2Tests */ = {
			isa = PBXNativeTarget;
			buildConfigurationList = 40A83ABF2AFA5F5E009F80D3 /* Build configuration list for PBXNativeTarget "Comix Organizer Mk 2Tests" */;
			buildPhases = (
				40A83AA42AFA5F5E009F80D3 /* Sources */,
				40A83AA52AFA5F5E009F80D3 /* Frameworks */,
				40A83AA62AFA5F5E009F80D3 /* Resources */,
			);
			buildRules = (
			);
			dependencies = (
				40A83AAA2AFA5F5E009F80D3 /* PBXTargetDependency */,
			);
			name = "Comix Organizer Mk 2Tests";
			productName = "Comix Organizer Mk 2Tests";
			productReference = 40A83AA82AFA5F5E009F80D3 /* Comix Organizer Mk 2Tests.xctest */;
			productType = "com.apple.product-type.bundle.unit-test";
		};
		40A83AB12AFA5F5E009F80D3 /* Comix Organizer Mk 2UITests */ = {
			isa = PBXNativeTarget;
			buildConfigurationList = 40A83AC22AFA5F5E009F80D3 /* Build configuration list for PBXNativeTarget "Comix Organizer Mk 2UITests" */;
			buildPhases = (
				40A83AAE2AFA5F5E009F80D3 /* Sources */,
				40A83AAF2AFA5F5E009F80D3 /* Frameworks */,
				40A83AB02AFA5F5E009F80D3 /* Resources */,
			);
			buildRules = (
			);
			dependencies = (
				40A83AB42AFA5F5E009F80D3 /* PBXTargetDependency */,
			);
			name = "Comix Organizer Mk 2UITests";
			productName = "Comix Organizer Mk 2UITests";
			productReference = 40A83AB22AFA5F5E009F80D3 /* Comix Organizer Mk 2UITests.xctest */;
			productType = "com.apple.product-type.bundle.ui-testing";
		};
/* End PBXNativeTarget section */

/* Begin PBXProject section */
		40A83A872AFA5F5B009F80D3 /* Project object */ = {
			isa = PBXProject;
			attributes = {
				BuildIndependentTargetsInParallel = 1;
				LastSwiftUpdateCheck = 1500;
				LastUpgradeCheck = 1500;
				TargetAttributes = {
					40A83A8E2AFA5F5B009F80D3 = {
						CreatedOnToolsVersion = 15.0.1;
					};
					40A83AA72AFA5F5E009F80D3 = {
						CreatedOnToolsVersion = 15.0.1;
						TestTargetID = 40A83A8E2AFA5F5B009F80D3;
					};
					40A83AB12AFA5F5E009F80D3 = {
						CreatedOnToolsVersion = 15.0.1;
						TestTargetID = 40A83A8E2AFA5F5B009F80D3;
					};
				};
			};
			buildConfigurationList = 40A83A8A2AFA5F5B009F80D3 /* Build configuration list for PBXProject "Comix Organizer Mk 2" */;
			compatibilityVersion = "Xcode 14.0";
			developmentRegion = en;
			hasScannedForEncodings = 0;
			knownRegions = (
				en,
				Base,
			);
			mainGroup = 40A83A862AFA5F5B009F80D3;
			productRefGroup = 40A83A902AFA5F5B009F80D3 /* Products */;
			projectDirPath = "";
			projectRoot = "";
			targets = (
				40A83A8E2AFA5F5B009F80D3 /* Comix Organizer Mk 2 */,
				40A83AA72AFA5F5E009F80D3 /* Comix Organizer Mk 2Tests */,
				40A83AB12AFA5F5E009F80D3 /* Comix Organizer Mk 2UITests */,
			);
		};
/* End PBXProject section */

/* Begin PBXResourcesBuildPhase section */
		40A83A8D2AFA5F5B009F80D3 /* Resources */ = {
			isa = PBXResourcesBuildPhase;
			buildActionMask = 2147483647;
			files = (
				40A83AA22AFA5F5E009F80D3 /* LaunchScreen.storyboard in Resources */,
				40A83A9F2AFA5F5E009F80D3 /* Assets.xcassets in Resources */,
			);
			runOnlyForDeploymentPostprocessing = 0;
		};
		40A83AA62AFA5F5E009F80D3 /* Resources */ = {
			isa = PBXResourcesBuildPhase;
			buildActionMask = 2147483647;
			files = (
			);
			runOnlyForDeploymentPostprocessing = 0;
		};
		40A83AB02AFA5F5E009F80D3 /* Resources */ = {
			isa = PBXResourcesBuildPhase;
			buildActionMask = 2147483647;
			files = (
			);
			runOnlyForDeploymentPostprocessing = 0;
		};
/* End PBXResourcesBuildPhase section */

/* Begin PBXSourcesBuildPhase section */
		40A83A8B2AFA5F5B009F80D3 /* Sources */ = {
			isa = PBXSourcesBuildPhase;
			buildActionMask = 2147483647;
			files = (
				40A83AD52AFBBD89009F80D3 /* SelectedPublisherCharactersViewController.swift in Sources */,
				40A6E5582C30B0A8008340B5 /* Constants+Utils.swift in Sources */,
				40AD02712C2F355B000C53A2 /* StartVC.swift in Sources */,
				40A1A1D22B7255CC00DDF311 /* SelectedPublisherTitlesViewController.swift in Sources */,
				40A2F4F12BAB156B000F5F14 /* IssueSelectViewCell.swift in Sources */,
				40A83ACC2AFA6187009F80D3 /* Publisher.swift in Sources */,
				40C7F4312BA4EB9D001AD5B9 /* SelectedTitleIssuesViewController.swift in Sources */,
				40B28E742B839D6A00951AEF /* PopUpWindowView.swift in Sources */,
				40A1A1CA2B6EFA7C00DDF311 /* Issue.swift in Sources */,
				40A1A1CC2B6EFB8500DDF311 /* Title.swift in Sources */,
				40A83AD12AFBB09E009F80D3 /* MainTabBarController.swift in Sources */,
				40A83A972AFA5F5B009F80D3 /* AllPublishersViewController.swift in Sources */,
				404BA7532B7C586C00238FC9 /* UserProfileViewController.swift in Sources */,
				40B6D3CE2B97496400E1C309 /* LoadAnimationWindowView.swift in Sources */,
				40A83A932AFA5F5B009F80D3 /* AppDelegate.swift in Sources */,
				40A83A952AFA5F5B009F80D3 /* SceneDelegate.swift in Sources */,
				40A94C152B7A5ABE007BA436 /* TitleCharacterSearchViewController.swift in Sources */,
				40A0B27C2BF9C1FC00D49D9B /* SuperImageClassifier.mlmodel in Sources */,
				409F3F122B3C51DA00427354 /* SelectedCharacterViewController.swift in Sources */,
				40A83ACA2AFA617A009F80D3 /* APICaller.swift in Sources */,
				40A6E55A2C30B572008340B5 /* COError+Utils.swift in Sources */,
				40A1A1C82B6EF93400DDF311 /* ComixBinVC.swift in Sources */,
				40A0B27E2BFA2A2700D49D9B /* SuperImageScanner.swift in Sources */,
				40D7D3032B331F1E00B040CE /* Character.swift in Sources */,
				40A120F02B30758600D93F9B /* CharacterSelectViewCell.swift in Sources */,
				40A83A9D2AFA5F5B009F80D3 /* Comix_Organizer_Mk_2.xcdatamodeld in Sources */,
				40A2F4F32BC45A4F000F5F14 /* PopUpWindowSingleButtonView.swift in Sources */,
				40A83AD72AFD09D0009F80D3 /* DataPersistenceManager.swift in Sources */,
				40A6E5532C303A8E008340B5 /* UIViewController+Ext.swift in Sources */,
			);
			runOnlyForDeploymentPostprocessing = 0;
		};
		40A83AA42AFA5F5E009F80D3 /* Sources */ = {
			isa = PBXSourcesBuildPhase;
			buildActionMask = 2147483647;
			files = (
				40A83AAD2AFA5F5E009F80D3 /* Comix_Organizer_Mk_2Tests.swift in Sources */,
			);
			runOnlyForDeploymentPostprocessing = 0;
		};
		40A83AAE2AFA5F5E009F80D3 /* Sources */ = {
			isa = PBXSourcesBuildPhase;
			buildActionMask = 2147483647;
			files = (
				40A83AB92AFA5F5E009F80D3 /* Comix_Organizer_Mk_2UITestsLaunchTests.swift in Sources */,
				40A83AB72AFA5F5E009F80D3 /* Comix_Organizer_Mk_2UITests.swift in Sources */,
			);
			runOnlyForDeploymentPostprocessing = 0;
		};
/* End PBXSourcesBuildPhase section */

/* Begin PBXTargetDependency section */
		40A83AAA2AFA5F5E009F80D3 /* PBXTargetDependency */ = {
			isa = PBXTargetDependency;
			target = 40A83A8E2AFA5F5B009F80D3 /* Comix Organizer Mk 2 */;
			targetProxy = 40A83AA92AFA5F5E009F80D3 /* PBXContainerItemProxy */;
		};
		40A83AB42AFA5F5E009F80D3 /* PBXTargetDependency */ = {
			isa = PBXTargetDependency;
			target = 40A83A8E2AFA5F5B009F80D3 /* Comix Organizer Mk 2 */;
			targetProxy = 40A83AB32AFA5F5E009F80D3 /* PBXContainerItemProxy */;
		};
/* End PBXTargetDependency section */

/* Begin PBXVariantGroup section */
		40A83AA02AFA5F5E009F80D3 /* LaunchScreen.storyboard */ = {
			isa = PBXVariantGroup;
			children = (
				40A83AA12AFA5F5E009F80D3 /* Base */,
			);
			name = LaunchScreen.storyboard;
			sourceTree = "<group>";
		};
/* End PBXVariantGroup section */

/* Begin XCBuildConfiguration section */
		40A83ABA2AFA5F5E009F80D3 /* Debug */ = {
			isa = XCBuildConfiguration;
			buildSettings = {
				ALWAYS_SEARCH_USER_PATHS = NO;
				ASSETCATALOG_COMPILER_GENERATE_SWIFT_ASSET_SYMBOL_EXTENSIONS = YES;
				CLANG_ANALYZER_NONNULL = YES;
				CLANG_ANALYZER_NUMBER_OBJECT_CONVERSION = YES_AGGRESSIVE;
				CLANG_CXX_LANGUAGE_STANDARD = "gnu++20";
				CLANG_ENABLE_MODULES = YES;
				CLANG_ENABLE_OBJC_ARC = YES;
				CLANG_ENABLE_OBJC_WEAK = YES;
				CLANG_WARN_BLOCK_CAPTURE_AUTORELEASING = YES;
				CLANG_WARN_BOOL_CONVERSION = YES;
				CLANG_WARN_COMMA = YES;
				CLANG_WARN_CONSTANT_CONVERSION = YES;
				CLANG_WARN_DEPRECATED_OBJC_IMPLEMENTATIONS = YES;
				CLANG_WARN_DIRECT_OBJC_ISA_USAGE = YES_ERROR;
				CLANG_WARN_DOCUMENTATION_COMMENTS = YES;
				CLANG_WARN_EMPTY_BODY = YES;
				CLANG_WARN_ENUM_CONVERSION = YES;
				CLANG_WARN_INFINITE_RECURSION = YES;
				CLANG_WARN_INT_CONVERSION = YES;
				CLANG_WARN_NON_LITERAL_NULL_CONVERSION = YES;
				CLANG_WARN_OBJC_IMPLICIT_RETAIN_SELF = YES;
				CLANG_WARN_OBJC_LITERAL_CONVERSION = YES;
				CLANG_WARN_OBJC_ROOT_CLASS = YES_ERROR;
				CLANG_WARN_QUOTED_INCLUDE_IN_FRAMEWORK_HEADER = YES;
				CLANG_WARN_RANGE_LOOP_ANALYSIS = YES;
				CLANG_WARN_STRICT_PROTOTYPES = YES;
				CLANG_WARN_SUSPICIOUS_MOVE = YES;
				CLANG_WARN_UNGUARDED_AVAILABILITY = YES_AGGRESSIVE;
				CLANG_WARN_UNREACHABLE_CODE = YES;
				CLANG_WARN__DUPLICATE_METHOD_MATCH = YES;
				COPY_PHASE_STRIP = NO;
				DEBUG_INFORMATION_FORMAT = dwarf;
				ENABLE_STRICT_OBJC_MSGSEND = YES;
				ENABLE_TESTABILITY = YES;
				ENABLE_USER_SCRIPT_SANDBOXING = YES;
				GCC_C_LANGUAGE_STANDARD = gnu17;
				GCC_DYNAMIC_NO_PIC = NO;
				GCC_NO_COMMON_BLOCKS = YES;
				GCC_OPTIMIZATION_LEVEL = 0;
				GCC_PREPROCESSOR_DEFINITIONS = (
					"DEBUG=1",
					"$(inherited)",
				);
				GCC_WARN_64_TO_32_BIT_CONVERSION = YES;
				GCC_WARN_ABOUT_RETURN_TYPE = YES_ERROR;
				GCC_WARN_UNDECLARED_SELECTOR = YES;
				GCC_WARN_UNINITIALIZED_AUTOS = YES_AGGRESSIVE;
				GCC_WARN_UNUSED_FUNCTION = YES;
				GCC_WARN_UNUSED_VARIABLE = YES;
				IPHONEOS_DEPLOYMENT_TARGET = 17.0;
				LOCALIZATION_PREFERS_STRING_CATALOGS = YES;
				MTL_ENABLE_DEBUG_INFO = INCLUDE_SOURCE;
				MTL_FAST_MATH = YES;
				ONLY_ACTIVE_ARCH = YES;
				SDKROOT = iphoneos;
				SWIFT_ACTIVE_COMPILATION_CONDITIONS = "DEBUG $(inherited)";
				SWIFT_OPTIMIZATION_LEVEL = "-Onone";
			};
			name = Debug;
		};
		40A83ABB2AFA5F5E009F80D3 /* Release */ = {
			isa = XCBuildConfiguration;
			buildSettings = {
				ALWAYS_SEARCH_USER_PATHS = NO;
				ASSETCATALOG_COMPILER_GENERATE_SWIFT_ASSET_SYMBOL_EXTENSIONS = YES;
				CLANG_ANALYZER_NONNULL = YES;
				CLANG_ANALYZER_NUMBER_OBJECT_CONVERSION = YES_AGGRESSIVE;
				CLANG_CXX_LANGUAGE_STANDARD = "gnu++20";
				CLANG_ENABLE_MODULES = YES;
				CLANG_ENABLE_OBJC_ARC = YES;
				CLANG_ENABLE_OBJC_WEAK = YES;
				CLANG_WARN_BLOCK_CAPTURE_AUTORELEASING = YES;
				CLANG_WARN_BOOL_CONVERSION = YES;
				CLANG_WARN_COMMA = YES;
				CLANG_WARN_CONSTANT_CONVERSION = YES;
				CLANG_WARN_DEPRECATED_OBJC_IMPLEMENTATIONS = YES;
				CLANG_WARN_DIRECT_OBJC_ISA_USAGE = YES_ERROR;
				CLANG_WARN_DOCUMENTATION_COMMENTS = YES;
				CLANG_WARN_EMPTY_BODY = YES;
				CLANG_WARN_ENUM_CONVERSION = YES;
				CLANG_WARN_INFINITE_RECURSION = YES;
				CLANG_WARN_INT_CONVERSION = YES;
				CLANG_WARN_NON_LITERAL_NULL_CONVERSION = YES;
				CLANG_WARN_OBJC_IMPLICIT_RETAIN_SELF = YES;
				CLANG_WARN_OBJC_LITERAL_CONVERSION = YES;
				CLANG_WARN_OBJC_ROOT_CLASS = YES_ERROR;
				CLANG_WARN_QUOTED_INCLUDE_IN_FRAMEWORK_HEADER = YES;
				CLANG_WARN_RANGE_LOOP_ANALYSIS = YES;
				CLANG_WARN_STRICT_PROTOTYPES = YES;
				CLANG_WARN_SUSPICIOUS_MOVE = YES;
				CLANG_WARN_UNGUARDED_AVAILABILITY = YES_AGGRESSIVE;
				CLANG_WARN_UNREACHABLE_CODE = YES;
				CLANG_WARN__DUPLICATE_METHOD_MATCH = YES;
				COPY_PHASE_STRIP = NO;
				DEBUG_INFORMATION_FORMAT = "dwarf-with-dsym";
				ENABLE_NS_ASSERTIONS = NO;
				ENABLE_STRICT_OBJC_MSGSEND = YES;
				ENABLE_USER_SCRIPT_SANDBOXING = YES;
				GCC_C_LANGUAGE_STANDARD = gnu17;
				GCC_NO_COMMON_BLOCKS = YES;
				GCC_WARN_64_TO_32_BIT_CONVERSION = YES;
				GCC_WARN_ABOUT_RETURN_TYPE = YES_ERROR;
				GCC_WARN_UNDECLARED_SELECTOR = YES;
				GCC_WARN_UNINITIALIZED_AUTOS = YES_AGGRESSIVE;
				GCC_WARN_UNUSED_FUNCTION = YES;
				GCC_WARN_UNUSED_VARIABLE = YES;
				IPHONEOS_DEPLOYMENT_TARGET = 17.0;
				LOCALIZATION_PREFERS_STRING_CATALOGS = YES;
				MTL_ENABLE_DEBUG_INFO = NO;
				MTL_FAST_MATH = YES;
				SDKROOT = iphoneos;
				SWIFT_COMPILATION_MODE = wholemodule;
				VALIDATE_PRODUCT = YES;
			};
			name = Release;
		};
		40A83ABD2AFA5F5E009F80D3 /* Debug */ = {
			isa = XCBuildConfiguration;
			buildSettings = {
				ASSETCATALOG_COMPILER_APPICON_NAME = AppIcon;
				ASSETCATALOG_COMPILER_GLOBAL_ACCENT_COLOR_NAME = AccentColor;
				ASSETCATALOG_COMPILER_INCLUDE_ALL_APPICON_ASSETS = YES;
				CODE_SIGN_STYLE = Automatic;
				CURRENT_PROJECT_VERSION = 1;
				DEVELOPMENT_TEAM = M9MT23QW7V;
				GENERATE_INFOPLIST_FILE = YES;
				INFOPLIST_FILE = "Comix Organizer Mk 2/Info.plist";
				INFOPLIST_KEY_LSApplicationCategoryType = "public.app-category.books";
				INFOPLIST_KEY_UIApplicationSupportsIndirectInputEvents = YES;
				INFOPLIST_KEY_UILaunchStoryboardName = LaunchScreen.storyboard;
				INFOPLIST_KEY_UISupportedInterfaceOrientations_iPad = "UIInterfaceOrientationPortrait UIInterfaceOrientationPortraitUpsideDown UIInterfaceOrientationLandscapeLeft UIInterfaceOrientationLandscapeRight";
				INFOPLIST_KEY_UISupportedInterfaceOrientations_iPhone = "UIInterfaceOrientationPortrait UIInterfaceOrientationLandscapeLeft UIInterfaceOrientationLandscapeRight";
				IPHONEOS_DEPLOYMENT_TARGET = 16.1;
				LD_RUNPATH_SEARCH_PATHS = (
					"$(inherited)",
					"@executable_path/Frameworks",
				);
				MARKETING_VERSION = 1.0;
				PRODUCT_BUNDLE_IDENTIFIER = "noahpope.Comix-Organizer-Mk-2";
				PRODUCT_NAME = "$(TARGET_NAME)";
				SWIFT_EMIT_LOC_STRINGS = YES;
				SWIFT_VERSION = 5.0;
				TARGETED_DEVICE_FAMILY = "1,2";
			};
			name = Debug;
		};
		40A83ABE2AFA5F5E009F80D3 /* Release */ = {
			isa = XCBuildConfiguration;
			buildSettings = {
				ASSETCATALOG_COMPILER_APPICON_NAME = AppIcon;
				ASSETCATALOG_COMPILER_GLOBAL_ACCENT_COLOR_NAME = AccentColor;
				ASSETCATALOG_COMPILER_INCLUDE_ALL_APPICON_ASSETS = YES;
				CODE_SIGN_STYLE = Automatic;
				CURRENT_PROJECT_VERSION = 1;
				DEVELOPMENT_TEAM = M9MT23QW7V;
				GENERATE_INFOPLIST_FILE = YES;
				INFOPLIST_FILE = "Comix Organizer Mk 2/Info.plist";
				INFOPLIST_KEY_LSApplicationCategoryType = "public.app-category.books";
				INFOPLIST_KEY_UIApplicationSupportsIndirectInputEvents = YES;
				INFOPLIST_KEY_UILaunchStoryboardName = LaunchScreen.storyboard;
				INFOPLIST_KEY_UISupportedInterfaceOrientations_iPad = "UIInterfaceOrientationPortrait UIInterfaceOrientationPortraitUpsideDown UIInterfaceOrientationLandscapeLeft UIInterfaceOrientationLandscapeRight";
				INFOPLIST_KEY_UISupportedInterfaceOrientations_iPhone = "UIInterfaceOrientationPortrait UIInterfaceOrientationLandscapeLeft UIInterfaceOrientationLandscapeRight";
				IPHONEOS_DEPLOYMENT_TARGET = 16.1;
				LD_RUNPATH_SEARCH_PATHS = (
					"$(inherited)",
					"@executable_path/Frameworks",
				);
				MARKETING_VERSION = 1.0;
				PRODUCT_BUNDLE_IDENTIFIER = "noahpope.Comix-Organizer-Mk-2";
				PRODUCT_NAME = "$(TARGET_NAME)";
				SWIFT_EMIT_LOC_STRINGS = YES;
				SWIFT_VERSION = 5.0;
				TARGETED_DEVICE_FAMILY = "1,2";
			};
			name = Release;
		};
		40A83AC02AFA5F5E009F80D3 /* Debug */ = {
			isa = XCBuildConfiguration;
			buildSettings = {
				ALWAYS_EMBED_SWIFT_STANDARD_LIBRARIES = YES;
				BUNDLE_LOADER = "$(TEST_HOST)";
				CODE_SIGN_STYLE = Automatic;
				CURRENT_PROJECT_VERSION = 1;
				DEVELOPMENT_TEAM = M9MT23QW7V;
				GENERATE_INFOPLIST_FILE = YES;
				IPHONEOS_DEPLOYMENT_TARGET = 17.0;
				MARKETING_VERSION = 1.0;
				PRODUCT_BUNDLE_IDENTIFIER = "noahpope.Comix-Organizer-Mk-2Tests";
				PRODUCT_NAME = "$(TARGET_NAME)";
				SWIFT_EMIT_LOC_STRINGS = NO;
				SWIFT_VERSION = 5.0;
				TARGETED_DEVICE_FAMILY = "1,2";
				TEST_HOST = "$(BUILT_PRODUCTS_DIR)/Comix Organizer Mk 2.app/$(BUNDLE_EXECUTABLE_FOLDER_PATH)/Comix Organizer Mk 2";
			};
			name = Debug;
		};
		40A83AC12AFA5F5E009F80D3 /* Release */ = {
			isa = XCBuildConfiguration;
			buildSettings = {
				ALWAYS_EMBED_SWIFT_STANDARD_LIBRARIES = YES;
				BUNDLE_LOADER = "$(TEST_HOST)";
				CODE_SIGN_STYLE = Automatic;
				CURRENT_PROJECT_VERSION = 1;
				DEVELOPMENT_TEAM = M9MT23QW7V;
				GENERATE_INFOPLIST_FILE = YES;
				IPHONEOS_DEPLOYMENT_TARGET = 17.0;
				MARKETING_VERSION = 1.0;
				PRODUCT_BUNDLE_IDENTIFIER = "noahpope.Comix-Organizer-Mk-2Tests";
				PRODUCT_NAME = "$(TARGET_NAME)";
				SWIFT_EMIT_LOC_STRINGS = NO;
				SWIFT_VERSION = 5.0;
				TARGETED_DEVICE_FAMILY = "1,2";
				TEST_HOST = "$(BUILT_PRODUCTS_DIR)/Comix Organizer Mk 2.app/$(BUNDLE_EXECUTABLE_FOLDER_PATH)/Comix Organizer Mk 2";
			};
			name = Release;
		};
		40A83AC32AFA5F5E009F80D3 /* Debug */ = {
			isa = XCBuildConfiguration;
			buildSettings = {
				ALWAYS_EMBED_SWIFT_STANDARD_LIBRARIES = YES;
				CODE_SIGN_STYLE = Automatic;
				CURRENT_PROJECT_VERSION = 1;
				DEVELOPMENT_TEAM = M9MT23QW7V;
				GENERATE_INFOPLIST_FILE = YES;
				MARKETING_VERSION = 1.0;
				PRODUCT_BUNDLE_IDENTIFIER = "noahpope.Comix-Organizer-Mk-2UITests";
				PRODUCT_NAME = "$(TARGET_NAME)";
				SWIFT_EMIT_LOC_STRINGS = NO;
				SWIFT_VERSION = 5.0;
				TARGETED_DEVICE_FAMILY = "1,2";
				TEST_TARGET_NAME = "Comix Organizer Mk 2";
			};
			name = Debug;
		};
		40A83AC42AFA5F5E009F80D3 /* Release */ = {
			isa = XCBuildConfiguration;
			buildSettings = {
				ALWAYS_EMBED_SWIFT_STANDARD_LIBRARIES = YES;
				CODE_SIGN_STYLE = Automatic;
				CURRENT_PROJECT_VERSION = 1;
				DEVELOPMENT_TEAM = M9MT23QW7V;
				GENERATE_INFOPLIST_FILE = YES;
				MARKETING_VERSION = 1.0;
				PRODUCT_BUNDLE_IDENTIFIER = "noahpope.Comix-Organizer-Mk-2UITests";
				PRODUCT_NAME = "$(TARGET_NAME)";
				SWIFT_EMIT_LOC_STRINGS = NO;
				SWIFT_VERSION = 5.0;
				TARGETED_DEVICE_FAMILY = "1,2";
				TEST_TARGET_NAME = "Comix Organizer Mk 2";
			};
			name = Release;
		};
/* End XCBuildConfiguration section */

/* Begin XCConfigurationList section */
		40A83A8A2AFA5F5B009F80D3 /* Build configuration list for PBXProject "Comix Organizer Mk 2" */ = {
			isa = XCConfigurationList;
			buildConfigurations = (
				40A83ABA2AFA5F5E009F80D3 /* Debug */,
				40A83ABB2AFA5F5E009F80D3 /* Release */,
			);
			defaultConfigurationIsVisible = 0;
			defaultConfigurationName = Release;
		};
		40A83ABC2AFA5F5E009F80D3 /* Build configuration list for PBXNativeTarget "Comix Organizer Mk 2" */ = {
			isa = XCConfigurationList;
			buildConfigurations = (
				40A83ABD2AFA5F5E009F80D3 /* Debug */,
				40A83ABE2AFA5F5E009F80D3 /* Release */,
			);
			defaultConfigurationIsVisible = 0;
			defaultConfigurationName = Release;
		};
		40A83ABF2AFA5F5E009F80D3 /* Build configuration list for PBXNativeTarget "Comix Organizer Mk 2Tests" */ = {
			isa = XCConfigurationList;
			buildConfigurations = (
				40A83AC02AFA5F5E009F80D3 /* Debug */,
				40A83AC12AFA5F5E009F80D3 /* Release */,
			);
			defaultConfigurationIsVisible = 0;
			defaultConfigurationName = Release;
		};
		40A83AC22AFA5F5E009F80D3 /* Build configuration list for PBXNativeTarget "Comix Organizer Mk 2UITests" */ = {
			isa = XCConfigurationList;
			buildConfigurations = (
				40A83AC32AFA5F5E009F80D3 /* Debug */,
				40A83AC42AFA5F5E009F80D3 /* Release */,
			);
			defaultConfigurationIsVisible = 0;
			defaultConfigurationName = Release;
		};
/* End XCConfigurationList section */

/* Begin XCVersionGroup section */
		40A83A9B2AFA5F5B009F80D3 /* Comix_Organizer_Mk_2.xcdatamodeld */ = {
			isa = XCVersionGroup;
			children = (
				40A83A9C2AFA5F5B009F80D3 /* Comix_Organizer_Mk_2.xcdatamodel */,
			);
			currentVersion = 40A83A9C2AFA5F5B009F80D3 /* Comix_Organizer_Mk_2.xcdatamodel */;
			path = Comix_Organizer_Mk_2.xcdatamodeld;
			sourceTree = "<group>";
			versionGroupType = wrapper.xcdatamodel;
		};
/* End XCVersionGroup section */
	};
	rootObject = 40A83A872AFA5F5B009F80D3 /* Project object */;
}
